// !$*UTF8*$!
{
	archiveVersion = 1;
	classes = {
	};
	objectVersion = 56;
	objects = {

/* Begin PBXBuildFile section */
		AF0FA86A2BCDE1CC006CA1BE /* appBluetoothApp.swift in Sources */ = {isa = PBXBuildFile; fileRef = AF0FA8692BCDE1CC006CA1BE /* appBluetoothApp.swift */; };
		AF0FA86C2BCDE1CC006CA1BE /* ContentView.swift in Sources */ = {isa = PBXBuildFile; fileRef = AF0FA86B2BCDE1CC006CA1BE /* ContentView.swift */; };
		AF0FA86E2BCDE1CD006CA1BE /* Assets.xcassets in Resources */ = {isa = PBXBuildFile; fileRef = AF0FA86D2BCDE1CD006CA1BE /* Assets.xcassets */; };
		AF0FA8712BCDE1CD006CA1BE /* Preview Assets.xcassets in Resources */ = {isa = PBXBuildFile; fileRef = AF0FA8702BCDE1CD006CA1BE /* Preview Assets.xcassets */; };
		AF0FA87B2BCDE1CD006CA1BE /* appBluetoothTests.swift in Sources */ = {isa = PBXBuildFile; fileRef = AF0FA87A2BCDE1CD006CA1BE /* appBluetoothTests.swift */; };
		AF0FA8852BCDE1CD006CA1BE /* appBluetoothUITests.swift in Sources */ = {isa = PBXBuildFile; fileRef = AF0FA8842BCDE1CD006CA1BE /* appBluetoothUITests.swift */; };
		AF0FA8872BCDE1CD006CA1BE /* appBluetoothUITestsLaunchTests.swift in Sources */ = {isa = PBXBuildFile; fileRef = AF0FA8862BCDE1CD006CA1BE /* appBluetoothUITestsLaunchTests.swift */; };
/* End PBXBuildFile section */

/* Begin PBXContainerItemProxy section */
		AF0FA8772BCDE1CD006CA1BE /* PBXContainerItemProxy */ = {
			isa = PBXContainerItemProxy;
			containerPortal = AF0FA85E2BCDE1CC006CA1BE /* Project object */;
			proxyType = 1;
			remoteGlobalIDString = AF0FA8652BCDE1CC006CA1BE;
			remoteInfo = appBluetooth;
		};
		AF0FA8812BCDE1CD006CA1BE /* PBXContainerItemProxy */ = {
			isa = PBXContainerItemProxy;
			containerPortal = AF0FA85E2BCDE1CC006CA1BE /* Project object */;
			proxyType = 1;
			remoteGlobalIDString = AF0FA8652BCDE1CC006CA1BE;
			remoteInfo = appBluetooth;
		};
/* End PBXContainerItemProxy section */

/* Begin PBXFileReference section */
		AF0FA8662BCDE1CC006CA1BE /* appBluetooth.app */ = {isa = PBXFileReference; explicitFileType = wrapper.application; includeInIndex = 0; path = appBluetooth.app; sourceTree = BUILT_PRODUCTS_DIR; };
		AF0FA8692BCDE1CC006CA1BE /* appBluetoothApp.swift */ = {isa = PBXFileReference; lastKnownFileType = sourcecode.swift; path = appBluetoothApp.swift; sourceTree = "<group>"; };
		AF0FA86B2BCDE1CC006CA1BE /* ContentView.swift */ = {isa = PBXFileReference; lastKnownFileType = sourcecode.swift; path = ContentView.swift; sourceTree = "<group>"; };
		AF0FA86D2BCDE1CD006CA1BE /* Assets.xcassets */ = {isa = PBXFileReference; lastKnownFileType = folder.assetcatalog; path = Assets.xcassets; sourceTree = "<group>"; };
		AF0FA8702BCDE1CD006CA1BE /* Preview Assets.xcassets */ = {isa = PBXFileReference; lastKnownFileType = folder.assetcatalog; path = "Preview Assets.xcassets"; sourceTree = "<group>"; };
		AF0FA8762BCDE1CD006CA1BE /* appBluetoothTests.xctest */ = {isa = PBXFileReference; explicitFileType = wrapper.cfbundle; includeInIndex = 0; path = appBluetoothTests.xctest; sourceTree = BUILT_PRODUCTS_DIR; };
		AF0FA87A2BCDE1CD006CA1BE /* appBluetoothTests.swift */ = {isa = PBXFileReference; lastKnownFileType = sourcecode.swift; path = appBluetoothTests.swift; sourceTree = "<group>"; };
		AF0FA8802BCDE1CD006CA1BE /* appBluetoothUITests.xctest */ = {isa = PBXFileReference; explicitFileType = wrapper.cfbundle; includeInIndex = 0; path = appBluetoothUITests.xctest; sourceTree = BUILT_PRODUCTS_DIR; };
		AF0FA8842BCDE1CD006CA1BE /* appBluetoothUITests.swift */ = {isa = PBXFileReference; lastKnownFileType = sourcecode.swift; path = appBluetoothUITests.swift; sourceTree = "<group>"; };
		AF0FA8862BCDE1CD006CA1BE /* appBluetoothUITestsLaunchTests.swift */ = {isa = PBXFileReference; lastKnownFileType = sourcecode.swift; path = appBluetoothUITestsLaunchTests.swift; sourceTree = "<group>"; };
/* End PBXFileReference section */

/* Begin PBXFrameworksBuildPhase section */
		AF0FA8632BCDE1CC006CA1BE /* Frameworks */ = {
			isa = PBXFrameworksBuildPhase;
			buildActionMask = 2147483647;
			files = (
			);
			runOnlyForDeploymentPostprocessing = 0;
		};
		AF0FA8732BCDE1CD006CA1BE /* Frameworks */ = {
			isa = PBXFrameworksBuildPhase;
			buildActionMask = 2147483647;
			files = (
			);
			runOnlyForDeploymentPostprocessing = 0;
		};
		AF0FA87D2BCDE1CD006CA1BE /* Frameworks */ = {
			isa = PBXFrameworksBuildPhase;
			buildActionMask = 2147483647;
			files = (
			);
			runOnlyForDeploymentPostprocessing = 0;
		};
/* End PBXFrameworksBuildPhase section */

/* Begin PBXGroup section */
		AF0FA85D2BCDE1CC006CA1BE = {
			isa = PBXGroup;
			children = (
				AF0FA8682BCDE1CC006CA1BE /* appBluetooth */,
				AF0FA8792BCDE1CD006CA1BE /* appBluetoothTests */,
				AF0FA8832BCDE1CD006CA1BE /* appBluetoothUITests */,
				AF0FA8672BCDE1CC006CA1BE /* Products */,
			);
			sourceTree = "<group>";
		};
		AF0FA8672BCDE1CC006CA1BE /* Products */ = {
			isa = PBXGroup;
			children = (
				AF0FA8662BCDE1CC006CA1BE /* appBluetooth.app */,
				AF0FA8762BCDE1CD006CA1BE /* appBluetoothTests.xctest */,
				AF0FA8802BCDE1CD006CA1BE /* appBluetoothUITests.xctest */,
			);
			name = Products;
			sourceTree = "<group>";
		};
		AF0FA8682BCDE1CC006CA1BE /* appBluetooth */ = {
			isa = PBXGroup;
			children = (
				AF0FA8692BCDE1CC006CA1BE /* appBluetoothApp.swift */,
				AF0FA86B2BCDE1CC006CA1BE /* ContentView.swift */,
				AF0FA86D2BCDE1CD006CA1BE /* Assets.xcassets */,
				AF0FA86F2BCDE1CD006CA1BE /* Preview Content */,
			);
			path = appBluetooth;
			sourceTree = "<group>";
		};
		AF0FA86F2BCDE1CD006CA1BE /* Preview Content */ = {
			isa = PBXGroup;
			children = (
				AF0FA8702BCDE1CD006CA1BE /* Preview Assets.xcassets */,
			);
			path = "Preview Content";
			sourceTree = "<group>";
		};
		AF0FA8792BCDE1CD006CA1BE /* appBluetoothTests */ = {
			isa = PBXGroup;
			children = (
				AF0FA87A2BCDE1CD006CA1BE /* appBluetoothTests.swift */,
			);
			path = appBluetoothTests;
			sourceTree = "<group>";
		};
		AF0FA8832BCDE1CD006CA1BE /* appBluetoothUITests */ = {
			isa = PBXGroup;
			children = (
				AF0FA8842BCDE1CD006CA1BE /* appBluetoothUITests.swift */,
				AF0FA8862BCDE1CD006CA1BE /* appBluetoothUITestsLaunchTests.swift */,
			);
			path = appBluetoothUITests;
			sourceTree = "<group>";
		};
/* End PBXGroup section */

/* Begin PBXNativeTarget section */
		AF0FA8652BCDE1CC006CA1BE /* appBluetooth */ = {
			isa = PBXNativeTarget;
			buildConfigurationList = AF0FA88A2BCDE1CD006CA1BE /* Build configuration list for PBXNativeTarget "appBluetooth" */;
			buildPhases = (
				AF0FA8622BCDE1CC006CA1BE /* Sources */,
				AF0FA8632BCDE1CC006CA1BE /* Frameworks */,
				AF0FA8642BCDE1CC006CA1BE /* Resources */,
			);
			buildRules = (
			);
			dependencies = (
			);
			name = appBluetooth;
			productName = appBluetooth;
			productReference = AF0FA8662BCDE1CC006CA1BE /* appBluetooth.app */;
			productType = "com.apple.product-type.application";
		};
		AF0FA8752BCDE1CD006CA1BE /* appBluetoothTests */ = {
			isa = PBXNativeTarget;
			buildConfigurationList = AF0FA88D2BCDE1CD006CA1BE /* Build configuration list for PBXNativeTarget "appBluetoothTests" */;
			buildPhases = (
				AF0FA8722BCDE1CD006CA1BE /* Sources */,
				AF0FA8732BCDE1CD006CA1BE /* Frameworks */,
				AF0FA8742BCDE1CD006CA1BE /* Resources */,
			);
			buildRules = (
			);
			dependencies = (
				AF0FA8782BCDE1CD006CA1BE /* PBXTargetDependency */,
			);
			name = appBluetoothTests;
			productName = appBluetoothTests;
			productReference = AF0FA8762BCDE1CD006CA1BE /* appBluetoothTests.xctest */;
			productType = "com.apple.product-type.bundle.unit-test";
		};
		AF0FA87F2BCDE1CD006CA1BE /* appBluetoothUITests */ = {
			isa = PBXNativeTarget;
			buildConfigurationList = AF0FA8902BCDE1CD006CA1BE /* Build configuration list for PBXNativeTarget "appBluetoothUITests" */;
			buildPhases = (
				AF0FA87C2BCDE1CD006CA1BE /* Sources */,
				AF0FA87D2BCDE1CD006CA1BE /* Frameworks */,
				AF0FA87E2BCDE1CD006CA1BE /* Resources */,
			);
			buildRules = (
			);
			dependencies = (
				AF0FA8822BCDE1CD006CA1BE /* PBXTargetDependency */,
			);
			name = appBluetoothUITests;
			productName = appBluetoothUITests;
			productReference = AF0FA8802BCDE1CD006CA1BE /* appBluetoothUITests.xctest */;
			productType = "com.apple.product-type.bundle.ui-testing";
		};
/* End PBXNativeTarget section */

/* Begin PBXProject section */
		AF0FA85E2BCDE1CC006CA1BE /* Project object */ = {
			isa = PBXProject;
			attributes = {
				BuildIndependentTargetsInParallel = 1;
				LastSwiftUpdateCheck = 1530;
				LastUpgradeCheck = 1530;
				TargetAttributes = {
					AF0FA8652BCDE1CC006CA1BE = {
						CreatedOnToolsVersion = 15.3;
					};
					AF0FA8752BCDE1CD006CA1BE = {
						CreatedOnToolsVersion = 15.3;
						TestTargetID = AF0FA8652BCDE1CC006CA1BE;
					};
					AF0FA87F2BCDE1CD006CA1BE = {
						CreatedOnToolsVersion = 15.3;
						TestTargetID = AF0FA8652BCDE1CC006CA1BE;
					};
				};
			};
			buildConfigurationList = AF0FA8612BCDE1CC006CA1BE /* Build configuration list for PBXProject "appBluetooth" */;
			compatibilityVersion = "Xcode 14.0";
			developmentRegion = en;
			hasScannedForEncodings = 0;
			knownRegions = (
				en,
				Base,
			);
			mainGroup = AF0FA85D2BCDE1CC006CA1BE;
			productRefGroup = AF0FA8672BCDE1CC006CA1BE /* Products */;
			projectDirPath = "";
			projectRoot = "";
			targets = (
				AF0FA8652BCDE1CC006CA1BE /* appBluetooth */,
				AF0FA8752BCDE1CD006CA1BE /* appBluetoothTests */,
				AF0FA87F2BCDE1CD006CA1BE /* appBluetoothUITests */,
			);
		};
/* End PBXProject section */

/* Begin PBXResourcesBuildPhase section */
		AF0FA8642BCDE1CC006CA1BE /* Resources */ = {
			isa = PBXResourcesBuildPhase;
			buildActionMask = 2147483647;
			files = (
				AF0FA8712BCDE1CD006CA1BE /* Preview Assets.xcassets in Resources */,
				AF0FA86E2BCDE1CD006CA1BE /* Assets.xcassets in Resources */,
			);
			runOnlyForDeploymentPostprocessing = 0;
		};
		AF0FA8742BCDE1CD006CA1BE /* Resources */ = {
			isa = PBXResourcesBuildPhase;
			buildActionMask = 2147483647;
			files = (
			);
			runOnlyForDeploymentPostprocessing = 0;
		};
		AF0FA87E2BCDE1CD006CA1BE /* Resources */ = {
			isa = PBXResourcesBuildPhase;
			buildActionMask = 2147483647;
			files = (
			);
			runOnlyForDeploymentPostprocessing = 0;
		};
/* End PBXResourcesBuildPhase section */

/* Begin PBXSourcesBuildPhase section */
		AF0FA8622BCDE1CC006CA1BE /* Sources */ = {
			isa = PBXSourcesBuildPhase;
			buildActionMask = 2147483647;
			files = (
				AF0FA86C2BCDE1CC006CA1BE /* ContentView.swift in Sources */,
				AF0FA86A2BCDE1CC006CA1BE /* appBluetoothApp.swift in Sources */,
			);
			runOnlyForDeploymentPostprocessing = 0;
		};
		AF0FA8722BCDE1CD006CA1BE /* Sources */ = {
			isa = PBXSourcesBuildPhase;
			buildActionMask = 2147483647;
			files = (
				AF0FA87B2BCDE1CD006CA1BE /* appBluetoothTests.swift in Sources */,
			);
			runOnlyForDeploymentPostprocessing = 0;
		};
		AF0FA87C2BCDE1CD006CA1BE /* Sources */ = {
			isa = PBXSourcesBuildPhase;
			buildActionMask = 2147483647;
			files = (
				AF0FA8852BCDE1CD006CA1BE /* appBluetoothUITests.swift in Sources */,
				AF0FA8872BCDE1CD006CA1BE /* appBluetoothUITestsLaunchTests.swift in Sources */,
			);
			runOnlyForDeploymentPostprocessing = 0;
		};
/* End PBXSourcesBuildPhase section */

/* Begin PBXTargetDependency section */
		AF0FA8782BCDE1CD006CA1BE /* PBXTargetDependency */ = {
			isa = PBXTargetDependency;
			target = AF0FA8652BCDE1CC006CA1BE /* appBluetooth */;
			targetProxy = AF0FA8772BCDE1CD006CA1BE /* PBXContainerItemProxy */;
		};
		AF0FA8822BCDE1CD006CA1BE /* PBXTargetDependency */ = {
			isa = PBXTargetDependency;
			target = AF0FA8652BCDE1CC006CA1BE /* appBluetooth */;
			targetProxy = AF0FA8812BCDE1CD006CA1BE /* PBXContainerItemProxy */;
		};
/* End PBXTargetDependency section */

/* Begin XCBuildConfiguration section */
		AF0FA8882BCDE1CD006CA1BE /* Debug */ = {
			isa = XCBuildConfiguration;
			buildSettings = {
				ALWAYS_SEARCH_USER_PATHS = NO;
				ASSETCATALOG_COMPILER_GENERATE_SWIFT_ASSET_SYMBOL_EXTENSIONS = YES;
				CLANG_ANALYZER_NONNULL = YES;
				CLANG_ANALYZER_NUMBER_OBJECT_CONVERSION = YES_AGGRESSIVE;
				CLANG_CXX_LANGUAGE_STANDARD = "gnu++20";
				CLANG_ENABLE_MODULES = YES;
				CLANG_ENABLE_OBJC_ARC = YES;
				CLANG_ENABLE_OBJC_WEAK = YES;
				CLANG_WARN_BLOCK_CAPTURE_AUTORELEASING = YES;
				CLANG_WARN_BOOL_CONVERSION = YES;
				CLANG_WARN_COMMA = YES;
				CLANG_WARN_CONSTANT_CONVERSION = YES;
				CLANG_WARN_DEPRECATED_OBJC_IMPLEMENTATIONS = YES;
				CLANG_WARN_DIRECT_OBJC_ISA_USAGE = YES_ERROR;
				CLANG_WARN_DOCUMENTATION_COMMENTS = YES;
				CLANG_WARN_EMPTY_BODY = YES;
				CLANG_WARN_ENUM_CONVERSION = YES;
				CLANG_WARN_INFINITE_RECURSION = YES;
				CLANG_WARN_INT_CONVERSION = YES;
				CLANG_WARN_NON_LITERAL_NULL_CONVERSION = YES;
				CLANG_WARN_OBJC_IMPLICIT_RETAIN_SELF = YES;
				CLANG_WARN_OBJC_LITERAL_CONVERSION = YES;
				CLANG_WARN_OBJC_ROOT_CLASS = YES_ERROR;
				CLANG_WARN_QUOTED_INCLUDE_IN_FRAMEWORK_HEADER = YES;
				CLANG_WARN_RANGE_LOOP_ANALYSIS = YES;
				CLANG_WARN_STRICT_PROTOTYPES = YES;
				CLANG_WARN_SUSPICIOUS_MOVE = YES;
				CLANG_WARN_UNGUARDED_AVAILABILITY = YES_AGGRESSIVE;
				CLANG_WARN_UNREACHABLE_CODE = YES;
				CLANG_WARN__DUPLICATE_METHOD_MATCH = YES;
				COPY_PHASE_STRIP = NO;
				DEBUG_INFORMATION_FORMAT = dwarf;
				ENABLE_STRICT_OBJC_MSGSEND = YES;
				ENABLE_TESTABILITY = YES;
				ENABLE_USER_SCRIPT_SANDBOXING = YES;
				GCC_C_LANGUAGE_STANDARD = gnu17;
				GCC_DYNAMIC_NO_PIC = NO;
				GCC_NO_COMMON_BLOCKS = YES;
				GCC_OPTIMIZATION_LEVEL = 0;
				GCC_PREPROCESSOR_DEFINITIONS = (
					"DEBUG=1",
					"$(inherited)",
				);
				GCC_WARN_64_TO_32_BIT_CONVERSION = YES;
				GCC_WARN_ABOUT_RETURN_TYPE = YES_ERROR;
				GCC_WARN_UNDECLARED_SELECTOR = YES;
				GCC_WARN_UNINITIALIZED_AUTOS = YES_AGGRESSIVE;
				GCC_WARN_UNUSED_FUNCTION = YES;
				GCC_WARN_UNUSED_VARIABLE = YES;
				IPHONEOS_DEPLOYMENT_TARGET = 17.4;
				LOCALIZATION_PREFERS_STRING_CATALOGS = YES;
				MTL_ENABLE_DEBUG_INFO = INCLUDE_SOURCE;
				MTL_FAST_MATH = YES;
				ONLY_ACTIVE_ARCH = YES;
				SDKROOT = iphoneos;
				SWIFT_ACTIVE_COMPILATION_CONDITIONS = "DEBUG $(inherited)";
				SWIFT_OPTIMIZATION_LEVEL = "-Onone";
			};
			name = Debug;
		};
		AF0FA8892BCDE1CD006CA1BE /* Release */ = {
			isa = XCBuildConfiguration;
			buildSettings = {
				ALWAYS_SEARCH_USER_PATHS = NO;
				ASSETCATALOG_COMPILER_GENERATE_SWIFT_ASSET_SYMBOL_EXTENSIONS = YES;
				CLANG_ANALYZER_NONNULL = YES;
				CLANG_ANALYZER_NUMBER_OBJECT_CONVERSION = YES_AGGRESSIVE;
				CLANG_CXX_LANGUAGE_STANDARD = "gnu++20";
				CLANG_ENABLE_MODULES = YES;
				CLANG_ENABLE_OBJC_ARC = YES;
				CLANG_ENABLE_OBJC_WEAK = YES;
				CLANG_WARN_BLOCK_CAPTURE_AUTORELEASING = YES;
				CLANG_WARN_BOOL_CONVERSION = YES;
				CLANG_WARN_COMMA = YES;
				CLANG_WARN_CONSTANT_CONVERSION = YES;
				CLANG_WARN_DEPRECATED_OBJC_IMPLEMENTATIONS = YES;
				CLANG_WARN_DIRECT_OBJC_ISA_USAGE = YES_ERROR;
				CLANG_WARN_DOCUMENTATION_COMMENTS = YES;
				CLANG_WARN_EMPTY_BODY = YES;
				CLANG_WARN_ENUM_CONVERSION = YES;
				CLANG_WARN_INFINITE_RECURSION = YES;
				CLANG_WARN_INT_CONVERSION = YES;
				CLANG_WARN_NON_LITERAL_NULL_CONVERSION = YES;
				CLANG_WARN_OBJC_IMPLICIT_RETAIN_SELF = YES;
				CLANG_WARN_OBJC_LITERAL_CONVERSION = YES;
				CLANG_WARN_OBJC_ROOT_CLASS = YES_ERROR;
				CLANG_WARN_QUOTED_INCLUDE_IN_FRAMEWORK_HEADER = YES;
				CLANG_WARN_RANGE_LOOP_ANALYSIS = YES;
				CLANG_WARN_STRICT_PROTOTYPES = YES;
				CLANG_WARN_SUSPICIOUS_MOVE = YES;
				CLANG_WARN_UNGUARDED_AVAILABILITY = YES_AGGRESSIVE;
				CLANG_WARN_UNREACHABLE_CODE = YES;
				CLANG_WARN__DUPLICATE_METHOD_MATCH = YES;
				COPY_PHASE_STRIP = NO;
				DEBUG_INFORMATION_FORMAT = "dwarf-with-dsym";
				ENABLE_NS_ASSERTIONS = NO;
				ENABLE_STRICT_OBJC_MSGSEND = YES;
				ENABLE_USER_SCRIPT_SANDBOXING = YES;
				GCC_C_LANGUAGE_STANDARD = gnu17;
				GCC_NO_COMMON_BLOCKS = YES;
				GCC_WARN_64_TO_32_BIT_CONVERSION = YES;
				GCC_WARN_ABOUT_RETURN_TYPE = YES_ERROR;
				GCC_WARN_UNDECLARED_SELECTOR = YES;
				GCC_WARN_UNINITIALIZED_AUTOS = YES_AGGRESSIVE;
				GCC_WARN_UNUSED_FUNCTION = YES;
				GCC_WARN_UNUSED_VARIABLE = YES;
				IPHONEOS_DEPLOYMENT_TARGET = 17.4;
				LOCALIZATION_PREFERS_STRING_CATALOGS = YES;
				MTL_ENABLE_DEBUG_INFO = NO;
				MTL_FAST_MATH = YES;
				SDKROOT = iphoneos;
				SWIFT_COMPILATION_MODE = wholemodule;
				VALIDATE_PRODUCT = YES;
			};
			name = Release;
		};
		AF0FA88B2BCDE1CD006CA1BE /* Debug */ = {
			isa = XCBuildConfiguration;
			buildSettings = {
				ASSETCATALOG_COMPILER_APPICON_NAME = AppIcon;
				ASSETCATALOG_COMPILER_GLOBAL_ACCENT_COLOR_NAME = AccentColor;
				CODE_SIGN_STYLE = Automatic;
				CURRENT_PROJECT_VERSION = 1;
				DEVELOPMENT_ASSET_PATHS = "\"appBluetooth/Preview Content\"";
				ENABLE_PREVIEWS = YES;
				GENERATE_INFOPLIST_FILE = YES;
				INFOPLIST_KEY_UIApplicationSceneManifest_Generation = YES;
				INFOPLIST_KEY_UIApplicationSupportsIndirectInputEvents = YES;
				INFOPLIST_KEY_UILaunchScreen_Generation = YES;
				INFOPLIST_KEY_UISupportedInterfaceOrientations_iPad = "UIInterfaceOrientationPortrait UIInterfaceOrientationPortraitUpsideDown UIInterfaceOrientationLandscapeLeft UIInterfaceOrientationLandscapeRight";
				INFOPLIST_KEY_UISupportedInterfaceOrientations_iPhone = "UIInterfaceOrientationPortrait UIInterfaceOrientationLandscapeLeft UIInterfaceOrientationLandscapeRight";
				LD_RUNPATH_SEARCH_PATHS = (
					"$(inherited)",
					"@executable_path/Frameworks",
				);
				MARKETING_VERSION = 1.0;
				PRODUCT_BUNDLE_IDENTIFIER = QuentinhasNow.appBluetooth;
				PRODUCT_NAME = "$(TARGET_NAME)";
				SWIFT_EMIT_LOC_STRINGS = YES;
				SWIFT_VERSION = 5.0;
				TARGETED_DEVICE_FAMILY = "1,2";
			};
			name = Debug;
		};
		AF0FA88C2BCDE1CD006CA1BE /* Release */ = {
			isa = XCBuildConfiguration;
			buildSettings = {
				ASSETCATALOG_COMPILER_APPICON_NAME = AppIcon;
				ASSETCATALOG_COMPILER_GLOBAL_ACCENT_COLOR_NAME = AccentColor;
				CODE_SIGN_STYLE = Automatic;
				CURRENT_PROJECT_VERSION = 1;
				DEVELOPMENT_ASSET_PATHS = "\"appBluetooth/Preview Content\"";
				ENABLE_PREVIEWS = YES;
				GENERATE_INFOPLIST_FILE = YES;
				INFOPLIST_KEY_UIApplicationSceneManifest_Generation = YES;
				INFOPLIST_KEY_UIApplicationSupportsIndirectInputEvents = YES;
				INFOPLIST_KEY_UILaunchScreen_Generation = YES;
				INFOPLIST_KEY_UISupportedInterfaceOrientations_iPad = "UIInterfaceOrientationPortrait UIInterfaceOrientationPortraitUpsideDown UIInterfaceOrientationLandscapeLeft UIInterfaceOrientationLandscapeRight";
				INFOPLIST_KEY_UISupportedInterfaceOrientations_iPhone = "UIInterfaceOrientationPortrait UIInterfaceOrientationLandscapeLeft UIInterfaceOrientationLandscapeRight";
				LD_RUNPATH_SEARCH_PATHS = (
					"$(inherited)",
					"@executable_path/Frameworks",
				);
				MARKETING_VERSION = 1.0;
				PRODUCT_BUNDLE_IDENTIFIER = QuentinhasNow.appBluetooth;
				PRODUCT_NAME = "$(TARGET_NAME)";
				SWIFT_EMIT_LOC_STRINGS = YES;
				SWIFT_VERSION = 5.0;
				TARGETED_DEVICE_FAMILY = "1,2";
			};
			name = Release;
		};
		AF0FA88E2BCDE1CD006CA1BE /* Debug */ = {
			isa = XCBuildConfiguration;
			buildSettings = {
				ALWAYS_EMBED_SWIFT_STANDARD_LIBRARIES = YES;
				BUNDLE_LOADER = "$(TEST_HOST)";
				CODE_SIGN_STYLE = Automatic;
				CURRENT_PROJECT_VERSION = 1;
				GENERATE_INFOPLIST_FILE = YES;
				IPHONEOS_DEPLOYMENT_TARGET = 17.4;
				MARKETING_VERSION = 1.0;
				PRODUCT_BUNDLE_IDENTIFIER = QuentinhasNow.appBluetoothTests;
				PRODUCT_NAME = "$(TARGET_NAME)";
				SWIFT_EMIT_LOC_STRINGS = NO;
				SWIFT_VERSION = 5.0;
				TARGETED_DEVICE_FAMILY = "1,2";
				TEST_HOST = "$(BUILT_PRODUCTS_DIR)/appBluetooth.app/$(BUNDLE_EXECUTABLE_FOLDER_PATH)/appBluetooth";
			};
			name = Debug;
		};
		AF0FA88F2BCDE1CD006CA1BE /* Release */ = {
			isa = XCBuildConfiguration;
			buildSettings = {
				ALWAYS_EMBED_SWIFT_STANDARD_LIBRARIES = YES;
				BUNDLE_LOADER = "$(TEST_HOST)";
				CODE_SIGN_STYLE = Automatic;
				CURRENT_PROJECT_VERSION = 1;
				GENERATE_INFOPLIST_FILE = YES;
				IPHONEOS_DEPLOYMENT_TARGET = 17.4;
				MARKETING_VERSION = 1.0;
				PRODUCT_BUNDLE_IDENTIFIER = QuentinhasNow.appBluetoothTests;
				PRODUCT_NAME = "$(TARGET_NAME)";
				SWIFT_EMIT_LOC_STRINGS = NO;
				SWIFT_VERSION = 5.0;
				TARGETED_DEVICE_FAMILY = "1,2";
				TEST_HOST = "$(BUILT_PRODUCTS_DIR)/appBluetooth.app/$(BUNDLE_EXECUTABLE_FOLDER_PATH)/appBluetooth";
			};
			name = Release;
		};
		AF0FA8912BCDE1CD006CA1BE /* Debug */ = {
			isa = XCBuildConfiguration;
			buildSettings = {
				ALWAYS_EMBED_SWIFT_STANDARD_LIBRARIES = YES;
				CODE_SIGN_STYLE = Automatic;
				CURRENT_PROJECT_VERSION = 1;
				GENERATE_INFOPLIST_FILE = YES;
				MARKETING_VERSION = 1.0;
				PRODUCT_BUNDLE_IDENTIFIER = QuentinhasNow.appBluetoothUITests;
				PRODUCT_NAME = "$(TARGET_NAME)";
				SWIFT_EMIT_LOC_STRINGS = NO;
				SWIFT_VERSION = 5.0;
				TARGETED_DEVICE_FAMILY = "1,2";
				TEST_TARGET_NAME = appBluetooth;
			};
			name = Debug;
		};
		AF0FA8922BCDE1CD006CA1BE /* Release */ = {
			isa = XCBuildConfiguration;
			buildSettings = {
				ALWAYS_EMBED_SWIFT_STANDARD_LIBRARIES = YES;
				CODE_SIGN_STYLE = Automatic;
				CURRENT_PROJECT_VERSION = 1;
				GENERATE_INFOPLIST_FILE = YES;
				MARKETING_VERSION = 1.0;
				PRODUCT_BUNDLE_IDENTIFIER = QuentinhasNow.appBluetoothUITests;
				PRODUCT_NAME = "$(TARGET_NAME)";
				SWIFT_EMIT_LOC_STRINGS = NO;
				SWIFT_VERSION = 5.0;
				TARGETED_DEVICE_FAMILY = "1,2";
				TEST_TARGET_NAME = appBluetooth;
			};
			name = Release;
		};
/* End XCBuildConfiguration section */

/* Begin XCConfigurationList section */
		AF0FA8612BCDE1CC006CA1BE /* Build configuration list for PBXProject "appBluetooth" */ = {
			isa = XCConfigurationList;
			buildConfigurations = (
				AF0FA8882BCDE1CD006CA1BE /* Debug */,
				AF0FA8892BCDE1CD006CA1BE /* Release */,
			);
			defaultConfigurationIsVisible = 0;
			defaultConfigurationName = Release;
		};
		AF0FA88A2BCDE1CD006CA1BE /* Build configuration list for PBXNativeTarget "appBluetooth" */ = {
			isa = XCConfigurationList;
			buildConfigurations = (
				AF0FA88B2BCDE1CD006CA1BE /* Debug */,
				AF0FA88C2BCDE1CD006CA1BE /* Release */,
			);
			defaultConfigurationIsVisible = 0;
			defaultConfigurationName = Release;
		};
		AF0FA88D2BCDE1CD006CA1BE /* Build configuration list for PBXNativeTarget "appBluetoothTests" */ = {
			isa = XCConfigurationList;
			buildConfigurations = (
				AF0FA88E2BCDE1CD006CA1BE /* Debug */,
				AF0FA88F2BCDE1CD006CA1BE /* Release */,
			);
			defaultConfigurationIsVisible = 0;
			defaultConfigurationName = Release;
		};
		AF0FA8902BCDE1CD006CA1BE /* Build configuration list for PBXNativeTarget "appBluetoothUITests" */ = {
			isa = XCConfigurationList;
			buildConfigurations = (
				AF0FA8912BCDE1CD006CA1BE /* Debug */,
				AF0FA8922BCDE1CD006CA1BE /* Release */,
			);
			defaultConfigurationIsVisible = 0;
			defaultConfigurationName = Release;
		};
/* End XCConfigurationList section */
	};
	rootObject = AF0FA85E2BCDE1CC006CA1BE /* Project object */;
}
